
Microsoft Visual Studio Solution File, Format Version 12.00
# Visual Studio Version 17
VisualStudioVersion = 17.7.34024.191
MinimumVisualStudioVersion = 10.0.40219.1
Project("{FAE04EC0-301F-11D3-BF4B-00C04F79EFBC}") = "Presentacion", "Presentacion\Presentacion.csproj", "{DA74F953-E3EA-42EA-935D-EDADD1D9C6D4}"
EndProject
Project("{FAE04EC0-301F-11D3-BF4B-00C04F79EFBC}") = "DAL", "DAL\DAL.csproj", "{62DE8DA6-4E7F-49F4-B5FD-0282DDD70EC3}"
EndProject
Project("{FAE04EC0-301F-11D3-BF4B-00C04F79EFBC}") = "BLL", "BLL\BLL.csproj", "{57A10D92-0FD3-4E40-B8BF-63DFA9C9F0B3}"
EndProject
Project("{FAE04EC0-301F-11D3-BF4B-00C04F79EFBC}") = "ENTITY", "ENTITY\ENTITY.csproj", "{174896BB-B7F2-4AC9-A38C-5130F09EC735}"
EndProject
Project("{FAE04EC0-301F-11D3-BF4B-00C04F79EFBC}") = "PresentacionGUI", "Interfacez\PresentacionGUI.csproj", "{A888214B-3B67-454C-AF8C-29667236D7D8}"
EndProject
Global
	GlobalSection(SolutionConfigurationPlatforms) = preSolution
		Debug|Any CPU = Debug|Any CPU
		Release|Any CPU = Release|Any CPU
	EndGlobalSection
	GlobalSection(ProjectConfigurationPlatforms) = postSolution
		{DA74F953-E3EA-42EA-935D-EDADD1D9C6D4}.Debug|Any CPU.ActiveCfg = Debug|Any CPU
		{DA74F953-E3EA-42EA-935D-EDADD1D9C6D4}.Debug|Any CPU.Build.0 = Debug|Any CPU
		{DA74F953-E3EA-42EA-935D-EDADD1D9C6D4}.Release|Any CPU.ActiveCfg = Release|Any CPU
		{DA74F953-E3EA-42EA-935D-EDADD1D9C6D4}.Release|Any CPU.Build.0 = Release|Any CPU
		{62DE8DA6-4E7F-49F4-B5FD-0282DDD70EC3}.Debug|Any CPU.ActiveCfg = Debug|Any CPU
		{62DE8DA6-4E7F-49F4-B5FD-0282DDD70EC3}.Debug|Any CPU.Build.0 = Debug|Any CPU
		{62DE8DA6-4E7F-49F4-B5FD-0282DDD70EC3}.Release|Any CPU.ActiveCfg = Release|Any CPU
		{62DE8DA6-4E7F-49F4-B5FD-0282DDD70EC3}.Release|Any CPU.Build.0 = Release|Any CPU
		{57A10D92-0FD3-4E40-B8BF-63DFA9C9F0B3}.Debug|Any CPU.ActiveCfg = Debug|Any CPU
		{57A10D92-0FD3-4E40-B8BF-63DFA9C9F0B3}.Debug|Any CPU.Build.0 = Debug|Any CPU
		{57A10D92-0FD3-4E40-B8BF-63DFA9C9F0B3}.Release|Any CPU.ActiveCfg = Release|Any CPU
		{57A10D92-0FD3-4E40-B8BF-63DFA9C9F0B3}.Release|Any CPU.Build.0 = Release|Any CPU
		{174896BB-B7F2-4AC9-A38C-5130F09EC735}.Debug|Any CPU.ActiveCfg = Debug|Any CPU
		{174896BB-B7F2-4AC9-A38C-5130F09EC735}.Debug|Any CPU.Build.0 = Debug|Any CPU
		{174896BB-B7F2-4AC9-A38C-5130F09EC735}.Release|Any CPU.ActiveCfg = Release|Any CPU
		{174896BB-B7F2-4AC9-A38C-5130F09EC735}.Release|Any CPU.Build.0 = Release|Any CPU
		{A888214B-3B67-454C-AF8C-29667236D7D8}.Debug|Any CPU.ActiveCfg = Debug|Any CPU
		{A888214B-3B67-454C-AF8C-29667236D7D8}.Debug|Any CPU.Build.0 = Debug|Any CPU
		{A888214B-3B67-454C-AF8C-29667236D7D8}.Release|Any CPU.ActiveCfg = Release|Any CPU
		{A888214B-3B67-454C-AF8C-29667236D7D8}.Release|Any CPU.Build.0 = Release|Any CPU
	EndGlobalSection
	GlobalSection(SolutionProperties) = preSolution
		HideSolutionNode = FALSE
	EndGlobalSection
	GlobalSection(ExtensibilityGlobals) = postSolution
		SolutionGuid = {595EF16A-BE89-4628-B270-1C7F5D20E44F}
	EndGlobalSection
EndGlobal
